
Microsoft Visual Studio Solution File, Format Version 12.00
# Visual Studio Version 17
VisualStudioVersion = 17.1.32328.378
MinimumVisualStudioVersion = 10.0.40219.1
Project("{8BC9CEB8-8B4A-11D0-8D11-00A0C91BC942}") = "Prime_Numbers", "Prime_Numbers\Prime_Numbers.vcxproj", "{F6335C03-0E0A-4CC8-911B-FB9926B62452}"
EndProject
Project("{9A19103F-16F7-4668-BE54-9A1E7A4F7556}") = "Prime_Numbers_c_sharp", "Prime_Numbers_c_sharp\Prime_Numbers_c_sharp.csproj", "{5629F9FD-BE6D-4D77-ACDC-C55B9DBEB781}"
EndProject
Project("{888888A0-9F3D-457C-B088-3A5042F75D52}") = "Prime_Numbers_Python", "Prime_Numbers_Python\Prime_Numbers_Python.pyproj", "{27C72C8B-F040-4F92-AE00-C175A0D2EEBD}"
EndProject
Global
	GlobalSection(SolutionConfigurationPlatforms) = preSolution
		Debug|Any CPU = Debug|Any CPU
		Debug|x64 = Debug|x64
		Debug|x86 = Debug|x86
		Release|Any CPU = Release|Any CPU
		Release|x64 = Release|x64
		Release|x86 = Release|x86
	EndGlobalSection
	GlobalSection(ProjectConfigurationPlatforms) = postSolution
		{F6335C03-0E0A-4CC8-911B-FB9926B62452}.Debug|Any CPU.ActiveCfg = Debug|x64
		{F6335C03-0E0A-4CC8-911B-FB9926B62452}.Debug|Any CPU.Build.0 = Debug|x64
		{F6335C03-0E0A-4CC8-911B-FB9926B62452}.Debug|x64.ActiveCfg = Debug|x64
		{F6335C03-0E0A-4CC8-911B-FB9926B62452}.Debug|x64.Build.0 = Debug|x64
		{F6335C03-0E0A-4CC8-911B-FB9926B62452}.Debug|x86.ActiveCfg = Debug|Win32
		{F6335C03-0E0A-4CC8-911B-FB9926B62452}.Debug|x86.Build.0 = Debug|Win32
		{F6335C03-0E0A-4CC8-911B-FB9926B62452}.Release|Any CPU.ActiveCfg = Release|x64
		{F6335C03-0E0A-4CC8-911B-FB9926B62452}.Release|Any CPU.Build.0 = Release|x64
		{F6335C03-0E0A-4CC8-911B-FB9926B62452}.Release|x64.ActiveCfg = Release|x64
		{F6335C03-0E0A-4CC8-911B-FB9926B62452}.Release|x64.Build.0 = Release|x64
		{F6335C03-0E0A-4CC8-911B-FB9926B62452}.Release|x86.ActiveCfg = Release|Win32
		{F6335C03-0E0A-4CC8-911B-FB9926B62452}.Release|x86.Build.0 = Release|Win32
		{5629F9FD-BE6D-4D77-ACDC-C55B9DBEB781}.Debug|Any CPU.ActiveCfg = Debug|Any CPU
		{5629F9FD-BE6D-4D77-ACDC-C55B9DBEB781}.Debug|Any CPU.Build.0 = Debug|Any CPU
		{5629F9FD-BE6D-4D77-ACDC-C55B9DBEB781}.Debug|x64.ActiveCfg = Debug|Any CPU
		{5629F9FD-BE6D-4D77-ACDC-C55B9DBEB781}.Debug|x64.Build.0 = Debug|Any CPU
		{5629F9FD-BE6D-4D77-ACDC-C55B9DBEB781}.Debug|x86.ActiveCfg = Debug|Any CPU
		{5629F9FD-BE6D-4D77-ACDC-C55B9DBEB781}.Debug|x86.Build.0 = Debug|Any CPU
		{5629F9FD-BE6D-4D77-ACDC-C55B9DBEB781}.Release|Any CPU.ActiveCfg = Release|Any CPU
		{5629F9FD-BE6D-4D77-ACDC-C55B9DBEB781}.Release|Any CPU.Build.0 = Release|Any CPU
		{5629F9FD-BE6D-4D77-ACDC-C55B9DBEB781}.Release|x64.ActiveCfg = Release|Any CPU
		{5629F9FD-BE6D-4D77-ACDC-C55B9DBEB781}.Release|x64.Build.0 = Release|Any CPU
		{5629F9FD-BE6D-4D77-ACDC-C55B9DBEB781}.Release|x86.ActiveCfg = Release|Any CPU
		{5629F9FD-BE6D-4D77-ACDC-C55B9DBEB781}.Release|x86.Build.0 = Release|Any CPU
		{27C72C8B-F040-4F92-AE00-C175A0D2EEBD}.Debug|Any CPU.ActiveCfg = Debug|Any CPU
		{27C72C8B-F040-4F92-AE00-C175A0D2EEBD}.Debug|x64.ActiveCfg = Debug|Any CPU
		{27C72C8B-F040-4F92-AE00-C175A0D2EEBD}.Debug|x86.ActiveCfg = Debug|Any CPU
		{27C72C8B-F040-4F92-AE00-C175A0D2EEBD}.Release|Any CPU.ActiveCfg = Release|Any CPU
		{27C72C8B-F040-4F92-AE00-C175A0D2EEBD}.Release|x64.ActiveCfg = Release|Any CPU
		{27C72C8B-F040-4F92-AE00-C175A0D2EEBD}.Release|x86.ActiveCfg = Release|Any CPU
	EndGlobalSection
	GlobalSection(SolutionProperties) = preSolution
		HideSolutionNode = FALSE
	EndGlobalSection
	GlobalSection(ExtensibilityGlobals) = postSolution
		SolutionGuid = {64D40925-B699-486B-AD7F-F2CEAC22C391}
	EndGlobalSection
EndGlobal
